schema: '2.0'
stages:
  merging:
    cmd: python3 src/data/make_dataset.py
    deps:
    - path: data/raw/2017.csv
      hash: md5
      md5: 0beb88d13295d0158f3e8285fc6e7d33
      size: 714757
    - path: data/raw/2018.csv
      hash: md5
      md5: 36bb9068f9b05cf83723261887faa138
      size: 713500
    - path: data/raw/2019.csv
      hash: md5
      md5: e8e8af875e9551e35084168686b8d91c
      size: 714741
    - path: src/data/make_dataset.py
      hash: md5
      md5: 363eefb1f275838107fda45e1bedcabe
      size: 586
    outs:
    - path: data/raw/FinaleBari.csv
      hash: md5
      md5: f43699a4fdb78fbe546417f315353978
      size: 1907947
  preprocessing:
    cmd: python3 src/data/preprocessing.py
    deps:
    - path: data/raw/FinaleBari.csv
      hash: md5
      md5: f43699a4fdb78fbe546417f315353978
      size: 1907947
    - path: src/data/preprocessing.py
      hash: md5
      md5: a1e44272e00333d1ffa006b681d811b2
      size: 1581
    outs:
    - path: data/processed/GHI.csv
      hash: md5
      md5: f1de8485b982a40e7001e960954b1035
      size: 120785
    - path: data/processed/PreprocessedData.csv
      hash: md5
      md5: b98ff598b050be2548cdac89dd73843e
      size: 839023
  split_dataset:
    cmd: python3 src/data/split_dataset.py
    deps:
    - path: data/processed/GHI.csv
      hash: md5
      md5: f1de8485b982a40e7001e960954b1035
      size: 120785
    - path: data/processed/PreprocessedData.csv
      hash: md5
      md5: b98ff598b050be2548cdac89dd73843e
      size: 839023
    - path: src/data/split_dataset.py
      hash: md5
      md5: 562bd5dcedba67b06fa8d9d1411a6110
      size: 2042
    outs:
    - path: data/interim/split_test.csv
      hash: md5
      md5: 2668b3c56d26ce630d613a288cee0d2a
      size: 241368
    - path: data/interim/split_train.csv
      hash: md5
      md5: ddaadc46198e657f937c196d4303569a
      size: 562551
  train_model:
    cmd: python3 src/models/train_model.py
    deps:
    - path: src/data/split_dataset.py
      hash: md5
      md5: 1fce0e3c9fb324dfb0979b2496b7b8ea
      size: 655
    - path: src/models/train_model.py
      hash: md5
      md5: 5161ac5afe104f2561ed38ba1716290b
      size: 1252
  Knr:
    cmd: python3 src/models/knr.py
    deps:
    - path: data/interim/split_test.csv
      hash: md5
      md5: 2668b3c56d26ce630d613a288cee0d2a
      size: 241368
    - path: data/interim/split_train.csv
      hash: md5
      md5: ddaadc46198e657f937c196d4303569a
      size: 562551
    - path: src/models/knr.py
      hash: md5
      md5: c49635183a5c32b6396de3f70d75568d
      size: 1322
    - path: src/models/train_model.py
      hash: md5
      md5: c83a31a0a6f1d39053ff72e62638590a
      size: 3682
    outs:
    - path: models/knr.metrics
      hash: md5
      md5: e34db085b0d386eeb78118bdbfb15a02
      size: 37
    - path: models/knr.pkl
      hash: md5
      md5: 3f397b376a924b5d630aa5ae5a9d6e10
      size: 626310
  XGBooster:
    cmd: python3 src/models/xgbooster.py
    deps:
    - path: data/interim/split_test.csv
      hash: md5
      md5: 2668b3c56d26ce630d613a288cee0d2a
      size: 241368
    - path: data/interim/split_train.csv
      hash: md5
      md5: ddaadc46198e657f937c196d4303569a
      size: 562551
    - path: src/models/train_model.py
      hash: md5
      md5: c83a31a0a6f1d39053ff72e62638590a
      size: 3682
    - path: src/models/xgbooster.py
      hash: md5
      md5: 2c917503a2b11e170043ed7f7be76bd4
      size: 1249
    outs:
    - path: models/xgb.metrics
      hash: md5
      md5: 3d116459c144d7daf839dbd9df01809b
      size: 37
    - path: models/xgb.pkl
      hash: md5
      md5: 6ab2611ad6e43b3dd6370fcba35b4f7d
      size: 272663
  LinearRegression:
    cmd: python3 src/models/linear_regressor.py
    deps:
    - path: data/interim/split_test.csv
      hash: md5
      md5: 2668b3c56d26ce630d613a288cee0d2a
      size: 241368
    - path: data/interim/split_train.csv
      hash: md5
      md5: ddaadc46198e657f937c196d4303569a
      size: 562551
    - path: src/models/linear_regressor.py
      hash: md5
      md5: 34121b4d9f384859214ebf6aee09f205
      size: 2232
    - path: src/models/train_model.py
      hash: md5
      md5: c83a31a0a6f1d39053ff72e62638590a
      size: 3682
    outs:
    - path: models/linear.metrics
      hash: md5
      md5: 34e12a44608fe8fa5d77f45bb68c0864
      size: 37
    - path: models/linear.pkl
      hash: md5
      md5: 4108caa766d13f2f3f72013ab92fea28
      size: 928
  RandomForestRegressor:
    cmd: python3 src/models/random_forest_regressor.py
    deps:
    - path: data/interim/split_test.csv
      hash: md5
      md5: 2668b3c56d26ce630d613a288cee0d2a
      size: 241368
    - path: data/interim/split_train.csv
      hash: md5
      md5: ddaadc46198e657f937c196d4303569a
      size: 562551
    - path: src/models/random_forest_regressor.py
      hash: md5
      md5: b659d59b2eb08c992944336c459d8a26
      size: 1317
    - path: src/models/train_model.py
      hash: md5
      md5: c83a31a0a6f1d39053ff72e62638590a
      size: 3682
    outs:
    - path: models/randomForestRegressor.metrics
      hash: md5
      md5: 0a89a949dd84d509c1c6fe5b176c4e4a
      size: 37
    - path: models/randomForestRegressor.pkl
      hash: md5
      md5: 4139c63be5435be55e5ccf720c901854
      size: 1230769
  Evaluate:
    cmd: python3 src/models/evaluate.py
    deps:
    - path: src/models/knr.py
      hash: md5
      md5: 901526a1a361f93f2e04d8aff7657b69
      size: 1044
    - path: src/models/LinearRegression.py
      hash: md5
      md5: 292d65cd3b2ea1a6db69bd1511b892da
      size: 1063
    - path: src/models/RandomForestRegressor.py
      hash: md5
      md5: 34c6810a3fca4236e58e958969d466f9
      size: 1032
    - path: src/models/xgbooster.py
      hash: md5
      md5: 83d373731b1892a16408b05c757e97c8
      size: 1033
    - path: src/models/evaluate.py
      hash: md5
      md5: 8d60fe121e5f5aacf3cff22509470519
      size: 435
  Compare:
    cmd: python3 src/models/compare.py
    deps:
    - path: models/knr.metrics
      hash: md5
      md5: e34db085b0d386eeb78118bdbfb15a02
      size: 37
    - path: models/knr.pkl
      hash: md5
      md5: 3f397b376a924b5d630aa5ae5a9d6e10
      size: 626310
    - path: models/linear.metrics
      hash: md5
      md5: 34e12a44608fe8fa5d77f45bb68c0864
      size: 37
    - path: models/linear.pkl
      hash: md5
      md5: 4108caa766d13f2f3f72013ab92fea28
      size: 928
    - path: models/randomForestRegressor.metrics
      hash: md5
      md5: 0a89a949dd84d509c1c6fe5b176c4e4a
      size: 37
    - path: models/randomForestRegressor.pkl
      hash: md5
      md5: 4139c63be5435be55e5ccf720c901854
      size: 1230769
    - path: models/xgb.metrics
      hash: md5
      md5: 3d116459c144d7daf839dbd9df01809b
      size: 37
    - path: models/xgb.pkl
      hash: md5
      md5: 6ab2611ad6e43b3dd6370fcba35b4f7d
      size: 272663
    outs:
    - path: models/best_metrics.metrics
      hash: md5
      md5: 3d116459c144d7daf839dbd9df01809b
      size: 37
    - path: models/best_model.pkl
      hash: md5
      md5: 6ab2611ad6e43b3dd6370fcba35b4f7d
      size: 272663
