schema: '2.0'
stages:
  merging:
    cmd: python3 src/data/make_dataset.py
    deps:
    - path: data/raw/2017.csv
      hash: md5
      md5: 0beb88d13295d0158f3e8285fc6e7d33
      size: 714757
    - path: data/raw/2018.csv
      hash: md5
      md5: 36bb9068f9b05cf83723261887faa138
      size: 713500
    - path: data/raw/2019.csv
      hash: md5
      md5: e8e8af875e9551e35084168686b8d91c
      size: 714741
    - path: src/data/make_dataset.py
      hash: md5
      md5: 10109b2f70d2ed45a59c5056e5f381d0
      size: 602
    outs:
    - path: data/raw/FinaleBari.csv
      hash: md5
      md5: cbbf65d84f05ca30780710dd94cd5728
      size: 1934228
  preprocessing:
    cmd: python3 src/data/preprocessing.py
    deps:
    - path: data/raw/FinaleBari.csv
      hash: md5
      md5: cbbf65d84f05ca30780710dd94cd5728
      size: 1934228
    - path: src/data/preprocessing.py
      hash: md5
      md5: a4f5bd27669fc5b180d9b7f6a4738316
      size: 1625
    outs:
    - path: data/processed/GHI.csv
      hash: md5
      md5: b3a3a2e0a309da62d9999d3e40803fa6
      size: 133817
    - path: data/processed/PreprocessedData.csv
      hash: md5
      md5: 218e774b7be4922f109d6b8bb9d4fefa
      size: 852055
  split_dataset:
    cmd: python3 src/data/split_dataset.py
    deps:
    - path: data/processed/GHI.csv
      hash: md5
      md5: b3a3a2e0a309da62d9999d3e40803fa6
      size: 133817
    - path: data/processed/PreprocessedData.csv
      hash: md5
      md5: 218e774b7be4922f109d6b8bb9d4fefa
      size: 852055
    - path: src/data/split_dataset.py
      hash: md5
      md5: 94a69dfce90b2f3f72cabe7deed5c1d7
      size: 2090
    outs:
    - path: data/interim/split_test.csv
      hash: md5
      md5: 6bae1487cfb74fa70931f7e5ec3d9318
      size: 245224
    - path: data/interim/split_train.csv
      hash: md5
      md5: 1160b278dec988be362eb64f7407fe87
      size: 571728
  train_model:
    cmd: python3 src/models/train_model.py
    deps:
    - path: src/data/split_dataset.py
      hash: md5
      md5: 1fce0e3c9fb324dfb0979b2496b7b8ea
      size: 655
    - path: src/models/train_model.py
      hash: md5
      md5: 5161ac5afe104f2561ed38ba1716290b
      size: 1252
  Knr:
    cmd: python3 src/models/knr.py
    deps:
    - path: data/interim/split_test.csv
      hash: md5
      md5: 6bae1487cfb74fa70931f7e5ec3d9318
      size: 245224
    - path: data/interim/split_train.csv
      hash: md5
      md5: 1160b278dec988be362eb64f7407fe87
      size: 571728
    - path: src/models/knr.py
      hash: md5
      md5: d91f3216a47b7c5e92e13740872305a9
      size: 1360
    - path: src/models/train_model.py
      hash: md5
      md5: d4112fe5d574ecd2168648c5ab711a67
      size: 3779
    outs:
    - path: models/knr.metrics
      hash: md5
      md5: b045d776969205b2fca1a3cf5725df42
      size: 37
    - path: models/knr.pkl
      hash: md5
      md5: b9e8c6f90594bdd5df712d34188e85ec
      size: 626278
  XGBooster:
    cmd: python3 src/models/xgbooster.py
    deps:
    - path: data/interim/split_test.csv
      hash: md5
      md5: 6bae1487cfb74fa70931f7e5ec3d9318
      size: 245224
    - path: data/interim/split_train.csv
      hash: md5
      md5: 1160b278dec988be362eb64f7407fe87
      size: 571728
    - path: src/models/train_model.py
      hash: md5
      md5: d4112fe5d574ecd2168648c5ab711a67
      size: 3779
    - path: src/models/xgbooster.py
      hash: md5
      md5: 3a21b40018d10c80aa5b4527031ccc00
      size: 1285
    outs:
    - path: models/xgb.metrics
      hash: md5
      md5: fb5c78ac2fadb6956daa946d16834300
      size: 38
    - path: models/xgb.pkl
      hash: md5
      md5: d77f730c5b7b453481f6743f90858691
      size: 269259
  LinearRegression:
    cmd: python3 src/models/linear_regressor.py
    deps:
    - path: data/interim/split_test.csv
      hash: md5
      md5: 6bae1487cfb74fa70931f7e5ec3d9318
      size: 245224
    - path: data/interim/split_train.csv
      hash: md5
      md5: 1160b278dec988be362eb64f7407fe87
      size: 571728
    - path: src/models/linear_regressor.py
      hash: md5
      md5: 3f9daf1307496dc0efe2fdbcb36aba98
      size: 2291
    - path: src/models/train_model.py
      hash: md5
      md5: d4112fe5d574ecd2168648c5ab711a67
      size: 3779
    outs:
    - path: models/linear.metrics
      hash: md5
      md5: dbe4e551c97ab4836293c5c8863eb08b
      size: 35
    - path: models/linear.pkl
      hash: md5
      md5: b21d8ca9c87d8cd8ffca852e03a1a34f
      size: 928
  RandomForestRegressor:
    cmd: python3 src/models/random_forest_regressor.py
    deps:
    - path: data/interim/split_test.csv
      hash: md5
      md5: 6bae1487cfb74fa70931f7e5ec3d9318
      size: 245224
    - path: data/interim/split_train.csv
      hash: md5
      md5: 1160b278dec988be362eb64f7407fe87
      size: 571728
    - path: src/models/random_forest_regressor.py
      hash: md5
      md5: e336730c0ceb7eedb4d8f2a5a6d07f2d
      size: 1353
    - path: src/models/train_model.py
      hash: md5
      md5: d4112fe5d574ecd2168648c5ab711a67
      size: 3779
    outs:
    - path: models/randomForestRegressor.metrics
      hash: md5
      md5: a37fa41c7a4c54c8b2b809b7ac22d547
      size: 38
    - path: models/randomForestRegressor.pkl
      hash: md5
      md5: 082630a36b6fba3344380bd626bcf830
      size: 1325441
  Evaluate:
    cmd: python3 src/models/evaluate.py
    deps:
    - path: src/models/KNR.py
      hash: md5
      md5: 901526a1a361f93f2e04d8aff7657b69
      size: 1044
    - path: src/models/LinearRegression.py
      hash: md5
      md5: 292d65cd3b2ea1a6db69bd1511b892da
      size: 1063
    - path: src/models/RandomForestRegressor.py
      hash: md5
      md5: 34c6810a3fca4236e58e958969d466f9
      size: 1032
    - path: src/models/XGBOOSTER.py
      hash: md5
      md5: 83d373731b1892a16408b05c757e97c8
      size: 1033
    - path: src/models/evaluate.py
      hash: md5
      md5: 8d60fe121e5f5aacf3cff22509470519
      size: 435
  Compare:
    cmd: python3 src/models/compare.py
    deps:
    - path: models/knr.metrics
      hash: md5
      md5: b045d776969205b2fca1a3cf5725df42
      size: 37
    - path: models/knr.pkl
      hash: md5
      md5: b9e8c6f90594bdd5df712d34188e85ec
      size: 626278
    - path: models/linear.metrics
      hash: md5
      md5: dbe4e551c97ab4836293c5c8863eb08b
      size: 35
    - path: models/linear.pkl
      hash: md5
      md5: b21d8ca9c87d8cd8ffca852e03a1a34f
      size: 928
    - path: models/randomForestRegressor.metrics
      hash: md5
      md5: a37fa41c7a4c54c8b2b809b7ac22d547
      size: 38
    - path: models/randomForestRegressor.pkl
      hash: md5
      md5: 082630a36b6fba3344380bd626bcf830
      size: 1325441
    - path: models/xgb.metrics
      hash: md5
      md5: fb5c78ac2fadb6956daa946d16834300
      size: 38
    - path: models/xgb.pkl
      hash: md5
      md5: d77f730c5b7b453481f6743f90858691
      size: 269259
    outs:
    - path: models/best_metrics.metrics
      hash: md5
      md5: fb5c78ac2fadb6956daa946d16834300
      size: 38
    - path: models/best_model.pkl
      hash: md5
      md5: d77f730c5b7b453481f6743f90858691
      size: 269259
