schema: '2.0'
stages:
  merging:
    cmd: python3 src/data/make_dataset.py
    deps:
    - path: data/raw/2017.csv
      hash: md5
      md5: 0beb88d13295d0158f3e8285fc6e7d33
      size: 714757
    - path: data/raw/2018.csv
      hash: md5
      md5: 36bb9068f9b05cf83723261887faa138
      size: 713500
    - path: data/raw/2019.csv
      hash: md5
      md5: e8e8af875e9551e35084168686b8d91c
      size: 714741
    - path: src/data/make_dataset.py
      hash: md5
      md5: 363eefb1f275838107fda45e1bedcabe
      size: 586
    outs:
    - path: data/raw/FinaleBari.csv
      hash: md5
      md5: f43699a4fdb78fbe546417f315353978
      size: 1907947
  preprocessing:
    cmd: python3 src/data/preprocessing.py
    deps:
    - path: data/raw/FinaleBari.csv
      hash: md5
      md5: f43699a4fdb78fbe546417f315353978
      size: 1907947
    - path: src/data/preprocessing.py
      hash: md5
      md5: 8c77e25e82a0638788e0532306b105e6
      size: 1516
    outs:
    - path: data/processed/GHI.csv
      hash: md5
      md5: f1de8485b982a40e7001e960954b1035
      size: 120785
    - path: data/processed/PreprocessedData.csv
      hash: md5
      md5: b98ff598b050be2548cdac89dd73843e
      size: 839023
  split_dataset:
    cmd: python3 src/data/split_dataset.py
    deps:
    - path: data/processed/GHI.csv
      hash: md5
      md5: f1de8485b982a40e7001e960954b1035
      size: 120785
    - path: data/processed/PreprocessedData.csv
      hash: md5
      md5: b98ff598b050be2548cdac89dd73843e
      size: 839023
    - path: src/data/split_dataset.py
      hash: md5
      md5: 562bd5dcedba67b06fa8d9d1411a6110
      size: 2042
    outs:
    - path: data/interim/split_test.csv
      hash: md5
      md5: 799d21e72112b7566b7c93e27616850a
      size: 241141
    - path: data/interim/split_train.csv
      hash: md5
      md5: 91a105a24d13dcbdc6a540e6f96dd344
      size: 562778
  train_model:
    cmd: python3 src/models/train_model.py
    deps:
    - path: src/data/split_dataset.py
      hash: md5
      md5: 1fce0e3c9fb324dfb0979b2496b7b8ea
      size: 655
    - path: src/models/train_model.py
      hash: md5
      md5: 5161ac5afe104f2561ed38ba1716290b
      size: 1252
  Knr:
    cmd: python3 src/models/knr.py
    deps:
    - path: data/interim/split_test.csv
      hash: md5
      md5: 799d21e72112b7566b7c93e27616850a
      size: 241141
    - path: data/interim/split_train.csv
      hash: md5
      md5: 91a105a24d13dcbdc6a540e6f96dd344
      size: 562778
    - path: src/models/knr.py
      hash: md5
      md5: 21c1d8807ba72b330d09f7f5b7d2dda0
      size: 1261
    - path: src/models/train_model.py
      hash: md5
      md5: 614d76f25ca3b7c9a0229349ed6b2c4f
      size: 3693
    outs:
    - path: models/knr.metrics
      hash: md5
      md5: 64e49d91a7b751f26fa2ea703646f660
      size: 37
    - path: models/knr.pkl
      hash: md5
      md5: 91d1ad5096518c3c8a10918ae354c9d8
      size: 406943
  XGBooster:
    cmd: python3 src/models/xgbooster.py
    deps:
    - path: data/interim/split_test.csv
      hash: md5
      md5: 799d21e72112b7566b7c93e27616850a
      size: 241141
    - path: data/interim/split_train.csv
      hash: md5
      md5: 91a105a24d13dcbdc6a540e6f96dd344
      size: 562778
    - path: src/models/train_model.py
      hash: md5
      md5: 614d76f25ca3b7c9a0229349ed6b2c4f
      size: 3693
    - path: src/models/xgbooster.py
      hash: md5
      md5: 2c917503a2b11e170043ed7f7be76bd4
      size: 1249
    outs:
    - path: models/xgb.metrics
      hash: md5
      md5: d1f9a491ac303a6c666eed463dd73c79
      size: 36
    - path: models/xgb.pkl
      hash: md5
      md5: 1181b6077569d063001c7d8f492e28f8
      size: 272391
  LinearRegression:
    cmd: python3 src/models/linear_regressor.py
    deps:
    - path: data/interim/split_test.csv
      hash: md5
      md5: 799d21e72112b7566b7c93e27616850a
      size: 241141
    - path: data/interim/split_train.csv
      hash: md5
      md5: 91a105a24d13dcbdc6a540e6f96dd344
      size: 562778
    - path: src/models/linear_regressor.py
      hash: md5
      md5: 042712257626d9d81d61ddded4dc2ac5
      size: 2218
    - path: src/models/train_model.py
      hash: md5
      md5: 614d76f25ca3b7c9a0229349ed6b2c4f
      size: 3693
    outs:
    - path: models/linear.metrics
      hash: md5
      md5: fb7a382deeb53cf65d7ff6ab41687aa8
      size: 36
    - path: models/linear.pkl
      hash: md5
      md5: ec04c500e52af14f8166ddde6ca18a49
      size: 569
  RandomForestRegressor:
    cmd: python3 src/models/random_forest_regressor.py
    deps:
    - path: data/interim/split_test.csv
      hash: md5
      md5: 799d21e72112b7566b7c93e27616850a
      size: 241141
    - path: data/interim/split_train.csv
      hash: md5
      md5: 91a105a24d13dcbdc6a540e6f96dd344
      size: 562778
    - path: src/models/random_forest_regressor.py
      hash: md5
      md5: b659d59b2eb08c992944336c459d8a26
      size: 1317
    - path: src/models/train_model.py
      hash: md5
      md5: 614d76f25ca3b7c9a0229349ed6b2c4f
      size: 3693
    outs:
    - path: models/randomForestRegressor.metrics
      hash: md5
      md5: 8f9e45b41a1ff75e276b69bfddf3af6d
      size: 36
    - path: models/randomForestRegressor.pkl
      hash: md5
      md5: 84c0b35d70bd21404f3b713f5cc16635
      size: 1221291
  Evaluate:
    cmd: python3 src/models/evaluate.py
    deps:
    - path: src/models/KNR.py
      hash: md5
      md5: 901526a1a361f93f2e04d8aff7657b69
      size: 1044
    - path: src/models/LinearRegression.py
      hash: md5
      md5: 292d65cd3b2ea1a6db69bd1511b892da
      size: 1063
    - path: src/models/RandomForestRegressor.py
      hash: md5
      md5: 34c6810a3fca4236e58e958969d466f9
      size: 1032
    - path: src/models/XGBOOSTER.py
      hash: md5
      md5: 83d373731b1892a16408b05c757e97c8
      size: 1033
    - path: src/models/evaluate.py
      hash: md5
      md5: 8d60fe121e5f5aacf3cff22509470519
      size: 435
  Compare:
    cmd: python3 src/models/compare.py
    deps:
    - path: models/knr.metrics
      hash: md5
      md5: 64e49d91a7b751f26fa2ea703646f660
      size: 37
    - path: models/knr.pkl
      hash: md5
      md5: 91d1ad5096518c3c8a10918ae354c9d8
      size: 406943
    - path: models/linear.metrics
      hash: md5
      md5: fb7a382deeb53cf65d7ff6ab41687aa8
      size: 36
    - path: models/linear.pkl
      hash: md5
      md5: ec04c500e52af14f8166ddde6ca18a49
      size: 569
    - path: models/randomForestRegressor.metrics
      hash: md5
      md5: 8f9e45b41a1ff75e276b69bfddf3af6d
      size: 36
    - path: models/randomForestRegressor.pkl
      hash: md5
      md5: 84c0b35d70bd21404f3b713f5cc16635
      size: 1221291
    - path: models/xgb.metrics
      hash: md5
      md5: d1f9a491ac303a6c666eed463dd73c79
      size: 36
    - path: models/xgb.pkl
      hash: md5
      md5: 1181b6077569d063001c7d8f492e28f8
      size: 272391
    outs:
    - path: models/best_metrics.metrics
      hash: md5
      md5: fb7a382deeb53cf65d7ff6ab41687aa8
      size: 36
    - path: models/best_model.pkl
      hash: md5
      md5: dc8411093485596f9d1effe8e5621f06
      size: 603
